
Microsoft Visual Studio Solution File, Format Version 12.00
# Visual Studio Version 17
VisualStudioVersion = 17.1.32210.238
MinimumVisualStudioVersion = 10.0.40219.1
Project("{FAE04EC0-301F-11D3-BF4B-00C04F79EFBC}") = "PrimeiroProjeto", "PrimeiroProjeto\PrimeiroProjeto.csproj", "{67631858-F3E9-4FA8-8F83-3259895BD9A0}"
EndProject
Global
	GlobalSection(SolutionConfigurationPlatforms) = preSolution
		Debug|Any CPU = Debug|Any CPU
		Release|Any CPU = Release|Any CPU
	EndGlobalSection
	GlobalSection(ProjectConfigurationPlatforms) = postSolution
		{67631858-F3E9-4FA8-8F83-3259895BD9A0}.Debug|Any CPU.ActiveCfg = Debug|Any CPU
		{67631858-F3E9-4FA8-8F83-3259895BD9A0}.Debug|Any CPU.Build.0 = Debug|Any CPU
		{67631858-F3E9-4FA8-8F83-3259895BD9A0}.Release|Any CPU.ActiveCfg = Release|Any CPU
		{67631858-F3E9-4FA8-8F83-3259895BD9A0}.Release|Any CPU.Build.0 = Release|Any CPU
	EndGlobalSection
	GlobalSection(SolutionProperties) = preSolution
		HideSolutionNode = FALSE
	EndGlobalSection
	GlobalSection(ExtensibilityGlobals) = postSolution
		SolutionGuid = {3F9B4525-D35C-4D78-8B75-7D1391867E5D}
	EndGlobalSection
EndGlobal
